
Microsoft Visual Studio Solution File, Format Version 12.00
# Visual Studio 15
VisualStudioVersion = 15.0.28307.438
MinimumVisualStudioVersion = 10.0.40219.1
Project("{FAE04EC0-301F-11D3-BF4B-00C04F79EFBC}") = "PetDeskAPI", "PetDeskAPI\PetDeskAPI.csproj", "{FACD8CA6-BE99-4D83-986D-4F5CE2F457B1}"
EndProject
Project("{FAE04EC0-301F-11D3-BF4B-00C04F79EFBC}") = "PetDeskAPI.Tests", "PetDeskAPI.Tests\PetDeskAPI.Tests.csproj", "{5139D720-DE67-4CA9-A220-90E4440DB24B}"
EndProject
Global
	GlobalSection(SolutionConfigurationPlatforms) = preSolution
		Debug|Any CPU = Debug|Any CPU
		Release|Any CPU = Release|Any CPU
	EndGlobalSection
	GlobalSection(ProjectConfigurationPlatforms) = postSolution
		{FACD8CA6-BE99-4D83-986D-4F5CE2F457B1}.Debug|Any CPU.ActiveCfg = Debug|Any CPU
		{FACD8CA6-BE99-4D83-986D-4F5CE2F457B1}.Debug|Any CPU.Build.0 = Debug|Any CPU
		{FACD8CA6-BE99-4D83-986D-4F5CE2F457B1}.Release|Any CPU.ActiveCfg = Release|Any CPU
		{FACD8CA6-BE99-4D83-986D-4F5CE2F457B1}.Release|Any CPU.Build.0 = Release|Any CPU
		{5139D720-DE67-4CA9-A220-90E4440DB24B}.Debug|Any CPU.ActiveCfg = Debug|Any CPU
		{5139D720-DE67-4CA9-A220-90E4440DB24B}.Debug|Any CPU.Build.0 = Debug|Any CPU
		{5139D720-DE67-4CA9-A220-90E4440DB24B}.Release|Any CPU.ActiveCfg = Release|Any CPU
		{5139D720-DE67-4CA9-A220-90E4440DB24B}.Release|Any CPU.Build.0 = Release|Any CPU
	EndGlobalSection
	GlobalSection(SolutionProperties) = preSolution
		HideSolutionNode = FALSE
	EndGlobalSection
	GlobalSection(ExtensibilityGlobals) = postSolution
		SolutionGuid = {DF79D6B8-E5BF-43BF-9F1B-BF0F939FB9B2}
	EndGlobalSection
EndGlobal
